lockfileVersion: '9.0'

settings:
  autoInstallPeers: true
  excludeLinksFromLockfile: false

importers:

  .:
    dependencies:
      '@iziwheel/common-types':
        specifier: workspace:*
        version: link:../../packages/common-types
      csv-writer:
        specifier: ^1.6.0
        version: 1.6.0
      date-fns:
        specifier: ^4.1.0
        version: 4.1.0
    devDependencies:
      '@iziwheel/tsconfig':
        specifier: workspace:*
        version: link:../../packages/tsconfig

packages:

  csv-writer@1.6.0:
    resolution: {integrity: sha512-NOx7YDFWEsM/fTRAJjRpPp8t+MKRVvniAg9wQlUKx20MFrPs73WLJhFf5iteqrxNYnsy924K3Iroh3yNHeYd2g==}

  date-fns@4.1.0:
    resolution: {integrity: sha512-Ukq0owbQXxa/U3EGtsdVBkR1w7KOQ5gIBqdH2hkvknzZPYvBxb/aa6E8L7tmjFtkwZBu3UXBbjIgPo/Ez4xaNg==}

snapshots:

  csv-writer@1.6.0: {}

  date-fns@4.1.0: {}
